
Microsoft Visual Studio Solution File, Format Version 12.00
# Visual Studio Version 17
VisualStudioVersion = 17.0.31903.59
MinimumVisualStudioVersion = 10.0.40219.1
Project("{FAE04EC0-301F-11D3-BF4B-00C04F79EFBC}") = "EzraTodo.Api", "backend\EzraTodo.Api.csproj", "{1391D27B-5A61-0546-9DF1-79998B884742}"
EndProject
Project("{FAE04EC0-301F-11D3-BF4B-00C04F79EFBC}") = "EzraTodo.Api.Tests", "backend\Tests\EzraTodo.Api.Tests\EzraTodo.Api.Tests.csproj", "{6797E38A-DF2A-6056-A02D-DFDD2BFE1A0D}"
EndProject
Global
	GlobalSection(SolutionConfigurationPlatforms) = preSolution
		Debug|Any CPU = Debug|Any CPU
		Release|Any CPU = Release|Any CPU
	EndGlobalSection
	GlobalSection(ProjectConfigurationPlatforms) = postSolution
		{1391D27B-5A61-0546-9DF1-79998B884742}.Debug|Any CPU.ActiveCfg = Debug|Any CPU
		{1391D27B-5A61-0546-9DF1-79998B884742}.Debug|Any CPU.Build.0 = Debug|Any CPU
		{1391D27B-5A61-0546-9DF1-79998B884742}.Release|Any CPU.ActiveCfg = Release|Any CPU
		{1391D27B-5A61-0546-9DF1-79998B884742}.Release|Any CPU.Build.0 = Release|Any CPU
		{6797E38A-DF2A-6056-A02D-DFDD2BFE1A0D}.Debug|Any CPU.ActiveCfg = Debug|Any CPU
		{6797E38A-DF2A-6056-A02D-DFDD2BFE1A0D}.Debug|Any CPU.Build.0 = Debug|Any CPU
		{6797E38A-DF2A-6056-A02D-DFDD2BFE1A0D}.Release|Any CPU.ActiveCfg = Release|Any CPU
		{6797E38A-DF2A-6056-A02D-DFDD2BFE1A0D}.Release|Any CPU.Build.0 = Release|Any CPU
	EndGlobalSection
	GlobalSection(SolutionProperties) = preSolution
		HideSolutionNode = FALSE
	EndGlobalSection
	GlobalSection(ExtensibilityGlobals) = postSolution
		SolutionGuid = {4EC56381-7B93-4396-A8DF-E179E878B39A}
	EndGlobalSection
EndGlobal
